# This file was autogenerated by Stack.
# You should not edit this file by hand.
# For more information, please see the documentation at:
#   https://docs.haskellstack.org/en/stable/lock_files

packages:
- completed:
    hackage: envparse-0.4.1@sha256:989902e6368532548f61de1fa245ad2b39176cddd8743b20071af519a709ce30,2842
    pantry-tree:
      size: 1180
      sha256: 35044d67979fe2a5cff05cf8736a06a265592433cdd03e13a72908ceed892612
  original:
    hackage: envparse-0.4.1@sha256:989902e6368532548f61de1fa245ad2b39176cddd8743b20071af519a709ce30,2842
- completed:
    hackage: yamlparse-applicative-0.1.0.2@sha256:bda91f2818c1b5b124963931cb7f9a4e5758d026c09713e9ae2234534062747d,2133
    pantry-tree:
      size: 799
      sha256: d7f9dc8e45e6c100a902f0595e6090169705d9451793ef1cb896237334a1b529
  original:
    hackage: yamlparse-applicative-0.1.0.2@sha256:bda91f2818c1b5b124963931cb7f9a4e5758d026c09713e9ae2234534062747d,2133
- completed:
    size: 274414
    subdir: safe-coloured-text
    url: https://github.com/NorfairKing/safe-coloured-text/archive/61d959e65eeb6f4180d8ea4a0e2de1d5037b1394.tar.gz
    name: safe-coloured-text
    version: 0.0.0.0
    sha256: 88c98c76ee7a7cf6a992bf402ea1720605550aabfc290a318fc64258a5d10ac4
    pantry-tree:
      size: 380
      sha256: bcb1af29d5af230b788cf28b6ce4884923e3b0c46a4f47cd8a912294f243a49e
  original:
    subdir: safe-coloured-text
    url: https://github.com/NorfairKing/safe-coloured-text/archive/61d959e65eeb6f4180d8ea4a0e2de1d5037b1394.tar.gz
snapshots:
- completed:
    size: 523541
    url: https://raw.githubusercontent.com/commercialhaskell/stackage-snapshots/master/lts/14/23.yaml
    sha256: f761fe419a1a44fc3ef47f5bfb1853304d13320fc72b45d2798c08d21dabc23c
  original: lts-14.23
